lockfileVersion: '9.0'

settings:
  autoInstallPeers: true
  excludeLinksFromLockfile: false

importers:

  .:
    devDependencies:
      '@mizchi/actrun':
        specifier: 0.22.1
        version: 0.22.1

packages:

  '@mizchi/actrun@0.22.1':
    resolution: {integrity: sha512-vESVFdAvbbAvHV/J7LsqHohgmiyAZCweMQiiPllQZjZ9cXZL2YN++0FvbLUtWSV+ngFHg9oHqzPp6960hdofuQ==}
    engines: {node: '>=18'}
    hasBin: true

snapshots:

  '@mizchi/actrun@0.22.1': {}
